{
  "lockfile-version": 1,
  "manifest": {
    "schema-version": "1.10.0",
    "install": {
      "ack": {
        "pkg-path": "ack"
      },
      "gnumake": {
        "pkg-path": "gnumake",
        "outputs": "all"
      },
      "go": {
        "pkg-path": "go"
      },
      "goreleaser": {
        "pkg-path": "goreleaser"
      }
    },
    "hook": {},
    "profile": {},
    "options": {
      "systems": [
        "aarch64-darwin",
        "aarch64-linux",
        "x86_64-darwin",
        "x86_64-linux"
      ]
    },
    "services": {
      "nats-daemon": {
        "command": "make -C nats-daemon"
      },
      "server": {
        "command": "make run -C server"
      }
    }
  },
  "packages": [
    {
      "attr_path": "ack",
      "broken": false,
      "derivation": "/nix/store/3yf7xj2zz7mp3bi7f7gqx80ilplffx92-perl5.42.0-ack-3.9.0.drv",
      "description": "Grep-like tool tailored to working with large trees of source code",
      "install_id": "ack",
      "license": "[ Artistic-2.0 ]",
      "locked_url": "https://github.com/flox/nixpkgs?rev=549bd84d6279f9852cae6225e372cc67fb91a4c1",
      "name": "perl5.42.0-ack-3.9.0",
      "pname": "ack",
      "rev": "549bd84d6279f9852cae6225e372cc67fb91a4c1",
      "rev_count": 992384,
      "rev_date": "2026-05-05T04:14:16Z",
      "scrape_date": "2026-05-06T08:07:15.124314Z",
      "stabilities": [
        "staging",
        "unstable"
      ],
      "unfree": false,
      "version": "3.9.0",
      "outputs_to_install": [
        "man",
        "out"
      ],
      "outputs": {
        "man": "/nix/store/4s6l1hp05z0dssd1arz72bgbg21jrsfi-perl5.42.0-ack-3.9.0-man",
        "out": "/nix/store/bfvnqz6fhs69c2vr0h82iypjvzrxl2xr-perl5.42.0-ack-3.9.0"
      },
      "system": "aarch64-darwin",
      "group": "toplevel",
      "priority": 5
    },
    {
      "attr_path": "ack",
      "broken": false,
      "derivation": "/nix/store/bjf7an7vvs2dx2cykpfrhqiwys1w90x7-perl5.42.0-ack-3.9.0.drv",
      "description": "Grep-like tool tailored to working with large trees of source code",
      "install_id": "ack",
      "license": "[ Artistic-2.0 ]",
      "locked_url": "https://github.com/flox/nixpkgs?rev=549bd84d6279f9852cae6225e372cc67fb91a4c1",
      "name": "perl5.42.0-ack-3.9.0",
      "pname": "ack",
      "rev": "549bd84d6279f9852cae6225e372cc67fb91a4c1",
      "rev_count": 992384,
      "rev_date": "2026-05-05T04:14:16Z",
      "scrape_date": "2026-05-06T08:43:44.075408Z",
      "stabilities": [
        "staging",
        "unstable"
      ],
      "unfree": false,
      "version": "3.9.0",
      "outputs_to_install": [
        "man",
        "out"
      ],
      "outputs": {
        "man": "/nix/store/rdvgflhcayqkchyxmc8p6wr601s46164-perl5.42.0-ack-3.9.0-man",
        "out": "/nix/store/n5hbyxlirx659431r7smaiv1kvl80w18-perl5.42.0-ack-3.9.0"
      },
      "system": "aarch64-linux",
      "group": "toplevel",
      "priority": 5
    },
    {
      "attr_path": "ack",
      "broken": false,
      "derivation": "/nix/store/0xyzizvxqh9r0s29ccyg8s2wrp7j467a-perl5.42.0-ack-3.9.0.drv",
      "description": "Grep-like tool tailored to working with large trees of source code",
      "install_id": "ack",
      "license": "[ Artistic-2.0 ]",
      "locked_url": "https://github.com/flox/nixpkgs?rev=549bd84d6279f9852cae6225e372cc67fb91a4c1",
      "name": "perl5.42.0-ack-3.9.0",
      "pname": "ack",
      "rev": "549bd84d6279f9852cae6225e372cc67fb91a4c1",
      "rev_count": 992384,
      "rev_date": "2026-05-05T04:14:16Z",
      "scrape_date": "2026-05-06T09:16:09.138809Z",
      "stabilities": [
        "staging",
        "unstable"
      ],
      "unfree": false,
      "version": "3.9.0",
      "outputs_to_install": [
        "man",
        "out"
      ],
      "outputs": {
        "man": "/nix/store/85s65p42xp3gw13zjfcj21n1w42cv8nz-perl5.42.0-ack-3.9.0-man",
        "out": "/nix/store/zxw0sh5cajqrqkxpff0npgmb0i01fn00-perl5.42.0-ack-3.9.0"
      },
      "system": "x86_64-darwin",
      "group": "toplevel",
      "priority": 5
    },
    {
      "attr_path": "ack",
      "broken": false,
      "derivation": "/nix/store/sm97lqfawxcy8s71z93xbpzdc3gyjgy2-perl5.42.0-ack-3.9.0.drv",
      "description": "Grep-like tool tailored to working with large trees of source code",
      "install_id": "ack",
      "license": "[ Artistic-2.0 ]",
      "locked_url": "https://github.com/flox/nixpkgs?rev=549bd84d6279f9852cae6225e372cc67fb91a4c1",
      "name": "perl5.42.0-ack-3.9.0",
      "pname": "ack",
      "rev": "549bd84d6279f9852cae6225e372cc67fb91a4c1",
      "rev_count": 992384,
      "rev_date": "2026-05-05T04:14:16Z",
      "scrape_date": "2026-05-06T09:52:22.721811Z",
      "stabilities": [
        "staging",
        "unstable"
      ],
      "unfree": false,
      "version": "3.9.0",
      "outputs_to_install": [
        "man",
        "out"
      ],
      "outputs": {
        "man": "/nix/store/99lai40i5phacn4l8bb096wpf0yvmr2y-perl5.42.0-ack-3.9.0-man",
        "out": "/nix/store/j3xx9q1z40w8azpiv52bri94fmqbmzjp-perl5.42.0-ack-3.9.0"
      },
      "system": "x86_64-linux",
      "group": "toplevel",
      "priority": 5
    },
    {
      "attr_path": "gnumake",
      "broken": false,
      "derivation": "/nix/store/5vqw4w1argiy9damyh49mz4ifkdpvy4s-gnumake-4.4.1.drv",
      "description": "Tool to control the generation of non-source files from sources",
      "install_id": "gnumake",
      "license": "GPL-3.0-or-later",
      "locked_url": "https://github.com/flox/nixpkgs?rev=549bd84d6279f9852cae6225e372cc67fb91a4c1",
      "name": "gnumake-4.4.1",
      "pname": "gnumake",
      "rev": "549bd84d6279f9852cae6225e372cc67fb91a4c1",
      "rev_count": 992384,
      "rev_date": "2026-05-05T04:14:16Z",
      "scrape_date": "2026-05-06T08:07:16.636127Z",
      "stabilities": [
        "staging",
        "unstable"
      ],
      "unfree": false,
      "version": "4.4.1",
      "outputs_to_install": [
        "man",
        "out"
      ],
      "outputs": {
        "doc": "/nix/store/c7l1j109rsygzd1lc3pp2rbfm2p3y642-gnumake-4.4.1-doc",
        "info": "/nix/store/v9ss50cr4hqvm1c5xhhgb9sgn98gvgd6-gnumake-4.4.1-info",
        "man": "/nix/store/908rmkli4kdr2706pgax47ph86cpfifh-gnumake-4.4.1-man",
        "out": "/nix/store/zcbp7z3zaagbm7rpk6hz5zb8qwd40v42-gnumake-4.4.1"
      },
      "system": "aarch64-darwin",
      "group": "toplevel",
      "priority": 5
    },
    {
      "attr_path": "gnumake",
      "broken": false,
      "derivation": "/nix/store/sr606kaxyhx2gn82wl01gbqlq452arwd-gnumake-4.4.1.drv",
      "description": "Tool to control the generation of non-source files from sources",
      "install_id": "gnumake",
      "license": "GPL-3.0-or-later",
      "locked_url": "https://github.com/flox/nixpkgs?rev=549bd84d6279f9852cae6225e372cc67fb91a4c1",
      "name": "gnumake-4.4.1",
      "pname": "gnumake",
      "rev": "549bd84d6279f9852cae6225e372cc67fb91a4c1",
      "rev_count": 992384,
      "rev_date": "2026-05-05T04:14:16Z",
      "scrape_date": "2026-05-06T08:43:46.650013Z",
      "stabilities": [
        "staging",
        "unstable"
      ],
      "unfree": false,
      "version": "4.4.1",
      "outputs_to_install": [
        "man",
        "out"
      ],
      "outputs": {
        "debug": "/nix/store/skri4hsrs5ga3mb2y2zabb86h91kg7yf-gnumake-4.4.1-debug",
        "doc": "/nix/store/83grbbzidh6mspbq3vcwnv5i2w418f64-gnumake-4.4.1-doc",
        "info": "/nix/store/pi1waffl6zsh3898x8csg9liwljl1v5b-gnumake-4.4.1-info",
        "man": "/nix/store/a208sdxbrp4737zrv1lynglgzqj7wjxi-gnumake-4.4.1-man",
        "out": "/nix/store/y92qq7542dy25bs8ijnrs396n5cvbrvm-gnumake-4.4.1"
      },
      "system": "aarch64-linux",
      "group": "toplevel",
      "priority": 5
    },
    {
      "attr_path": "gnumake",
      "broken": false,
      "derivation": "/nix/store/zchqhprbkh124pd3vlfynvyyb0i5847q-gnumake-4.4.1.drv",
      "description": "Tool to control the generation of non-source files from sources",
      "install_id": "gnumake",
      "license": "GPL-3.0-or-later",
      "locked_url": "https://github.com/flox/nixpkgs?rev=549bd84d6279f9852cae6225e372cc67fb91a4c1",
      "name": "gnumake-4.4.1",
      "pname": "gnumake",
      "rev": "549bd84d6279f9852cae6225e372cc67fb91a4c1",
      "rev_count": 992384,
      "rev_date": "2026-05-05T04:14:16Z",
      "scrape_date": "2026-05-06T09:16:10.572125Z",
      "stabilities": [
        "staging",
        "unstable"
      ],
      "unfree": false,
      "version": "4.4.1",
      "outputs_to_install": [
        "man",
        "out"
      ],
      "outputs": {
        "doc": "/nix/store/8cga3r53093x6yzzayqqjcd2ip2bb6gc-gnumake-4.4.1-doc",
        "info": "/nix/store/gdg79wm2j8g86d0vilbmwa6sjvdnwysw-gnumake-4.4.1-info",
        "man": "/nix/store/4jk8w4gsl2d2vgrpi5c8grcyx5h6k1br-gnumake-4.4.1-man",
        "out": "/nix/store/4sgv9nplhrys2a88lfxw1swlj7kn4v54-gnumake-4.4.1"
      },
      "system": "x86_64-darwin",
      "group": "toplevel",
      "priority": 5
    },
    {
      "attr_path": "gnumake",
      "broken": false,
      "derivation": "/nix/store/kmx0hfjc7yxlmsqy2lqqqy2w9lh5fhgv-gnumake-4.4.1.drv",
      "description": "Tool to control the generation of non-source files from sources",
      "install_id": "gnumake",
      "license": "GPL-3.0-or-later",
      "locked_url": "https://github.com/flox/nixpkgs?rev=549bd84d6279f9852cae6225e372cc67fb91a4c1",
      "name": "gnumake-4.4.1",
      "pname": "gnumake",
      "rev": "549bd84d6279f9852cae6225e372cc67fb91a4c1",
      "rev_count": 992384,
      "rev_date": "2026-05-05T04:14:16Z",
      "scrape_date": "2026-05-06T09:52:25.542301Z",
      "stabilities": [
        "staging",
        "unstable"
      ],
      "unfree": false,
      "version": "4.4.1",
      "outputs_to_install": [
        "man",
        "out",
        "out",
        "out"
      ],
      "outputs": {
        "debug": "/nix/store/72dxkkiz9jh8icb3h55ryi2c40f5rx8f-gnumake-4.4.1-debug",
        "doc": "/nix/store/4jrq5glppx1pbf9qvzm33j7igm852pbc-gnumake-4.4.1-doc",
        "info": "/nix/store/jx8cp7ifpjv63q2rqdwby1qq84fs94lk-gnumake-4.4.1-info",
        "man": "/nix/store/5xxknr9d7fgm7j2pppvh410nh5jjgq72-gnumake-4.4.1-man",
        "out": "/nix/store/0rn2xh3zciwdr8sjg79ir79dbr6lnmfb-gnumake-4.4.1"
      },
      "system": "x86_64-linux",
      "group": "toplevel",
      "priority": 5
    },
    {
      "attr_path": "go",
      "broken": false,
      "derivation": "/nix/store/97qfa61h35q0nqppixvxknsq6wj612gv-go-1.26.2.drv",
      "description": "Go Programming language",
      "install_id": "go",
      "license": "BSD-3-Clause",
      "locked_url": "https://github.com/flox/nixpkgs?rev=549bd84d6279f9852cae6225e372cc67fb91a4c1",
      "name": "go-1.26.2",
      "pname": "go",
      "rev": "549bd84d6279f9852cae6225e372cc67fb91a4c1",
      "rev_count": 992384,
      "rev_date": "2026-05-05T04:14:16Z",
      "scrape_date": "2026-05-06T08:07:16.645106Z",
      "stabilities": [
        "staging",
        "unstable"
      ],
      "unfree": false,
      "version": "1.26.2",
      "outputs_to_install": [
        "out"
      ],
      "outputs": {
        "out": "/nix/store/fkzywh7rg8lg1n2p0r161iqjwhz540wx-go-1.26.2"
      },
      "system": "aarch64-darwin",
      "group": "toplevel",
      "priority": 5
    },
    {
      "attr_path": "go",
      "broken": false,
      "derivation": "/nix/store/79wmlk24kqdnxmpj5l833ib2fsxpwca0-go-1.26.2.drv",
      "description": "Go Programming language",
      "install_id": "go",
      "license": "BSD-3-Clause",
      "locked_url": "https://github.com/flox/nixpkgs?rev=549bd84d6279f9852cae6225e372cc67fb91a4c1",
      "name": "go-1.26.2",
      "pname": "go",
      "rev": "549bd84d6279f9852cae6225e372cc67fb91a4c1",
      "rev_count": 992384,
      "rev_date": "2026-05-05T04:14:16Z",
      "scrape_date": "2026-05-06T08:43:46.665236Z",
      "stabilities": [
        "staging",
        "unstable"
      ],
      "unfree": false,
      "version": "1.26.2",
      "outputs_to_install": [
        "out"
      ],
      "outputs": {
        "out": "/nix/store/w4i7p78y3735jcy69sk4lcy9zyxr0cav-go-1.26.2"
      },
      "system": "aarch64-linux",
      "group": "toplevel",
      "priority": 5
    },
    {
      "attr_path": "go",
      "broken": false,
      "derivation": "/nix/store/7f579nxnclv9nql5z2d5g2qyv7zfdl16-go-1.26.2.drv",
      "description": "Go Programming language",
      "install_id": "go",
      "license": "BSD-3-Clause",
      "locked_url": "https://github.com/flox/nixpkgs?rev=549bd84d6279f9852cae6225e372cc67fb91a4c1",
      "name": "go-1.26.2",
      "pname": "go",
      "rev": "549bd84d6279f9852cae6225e372cc67fb91a4c1",
      "rev_count": 992384,
      "rev_date": "2026-05-05T04:14:16Z",
      "scrape_date": "2026-05-06T09:16:10.581225Z",
      "stabilities": [
        "staging",
        "unstable"
      ],
      "unfree": false,
      "version": "1.26.2",
      "outputs_to_install": [
        "out"
      ],
      "outputs": {
        "out": "/nix/store/g0b45l45nlb1kqiywzja7fh49yn7lla5-go-1.26.2"
      },
      "system": "x86_64-darwin",
      "group": "toplevel",
      "priority": 5
    },
    {
      "attr_path": "go",
      "broken": false,
      "derivation": "/nix/store/5a501r66jxszbpw9af1q1a5z3rnrcmfs-go-1.26.2.drv",
      "description": "Go Programming language",
      "install_id": "go",
      "license": "BSD-3-Clause",
      "locked_url": "https://github.com/flox/nixpkgs?rev=549bd84d6279f9852cae6225e372cc67fb91a4c1",
      "name": "go-1.26.2",
      "pname": "go",
      "rev": "549bd84d6279f9852cae6225e372cc67fb91a4c1",
      "rev_count": 992384,
      "rev_date": "2026-05-05T04:14:16Z",
      "scrape_date": "2026-05-06T09:52:25.557961Z",
      "stabilities": [
        "staging",
        "unstable"
      ],
      "unfree": false,
      "version": "1.26.2",
      "outputs_to_install": [
        "out"
      ],
      "outputs": {
        "out": "/nix/store/dimnagks1qsp7180yw74z0npp7z2ihs3-go-1.26.2"
      },
      "system": "x86_64-linux",
      "group": "toplevel",
      "priority": 5
    },
    {
      "attr_path": "goreleaser",
      "broken": false,
      "derivation": "/nix/store/7pj9ymh2faidkdjirsxmbqjh0xcj049j-goreleaser-2.15.4.drv",
      "description": "Deliver Go binaries as fast and easily as possible",
      "install_id": "goreleaser",
      "license": "MIT",
      "locked_url": "https://github.com/flox/nixpkgs?rev=549bd84d6279f9852cae6225e372cc67fb91a4c1",
      "name": "goreleaser-2.15.4",
      "pname": "goreleaser",
      "rev": "549bd84d6279f9852cae6225e372cc67fb91a4c1",
      "rev_count": 992384,
      "rev_date": "2026-05-05T04:14:16Z",
      "scrape_date": "2026-05-06T08:07:16.732636Z",
      "stabilities": [
        "staging",
        "unstable"
      ],
      "unfree": false,
      "version": "2.15.4",
      "outputs_to_install": [
        "out"
      ],
      "outputs": {
        "out": "/nix/store/4fz0ma3pfmwbf324yhskc9yz9h0zzrvq-goreleaser-2.15.4"
      },
      "system": "aarch64-darwin",
      "group": "toplevel",
      "priority": 5
    },
    {
      "attr_path": "goreleaser",
      "broken": false,
      "derivation": "/nix/store/7p9dv6kilf0zy7704ig9v9k8pvw9vr1d-goreleaser-2.15.4.drv",
      "description": "Deliver Go binaries as fast and easily as possible",
      "install_id": "goreleaser",
      "license": "MIT",
      "locked_url": "https://github.com/flox/nixpkgs?rev=549bd84d6279f9852cae6225e372cc67fb91a4c1",
      "name": "goreleaser-2.15.4",
      "pname": "goreleaser",
      "rev": "549bd84d6279f9852cae6225e372cc67fb91a4c1",
      "rev_count": 992384,
      "rev_date": "2026-05-05T04:14:16Z",
      "scrape_date": "2026-05-06T08:43:46.805469Z",
      "stabilities": [
        "staging",
        "unstable"
      ],
      "unfree": false,
      "version": "2.15.4",
      "outputs_to_install": [
        "out"
      ],
      "outputs": {
        "out": "/nix/store/x3iw7g6r6kjslln5kp6nwpxnci3sjvpd-goreleaser-2.15.4"
      },
      "system": "aarch64-linux",
      "group": "toplevel",
      "priority": 5
    },
    {
      "attr_path": "goreleaser",
      "broken": false,
      "derivation": "/nix/store/gazmi623kg67x27zkn8y8vzy38w6w6wf-goreleaser-2.15.4.drv",
      "description": "Deliver Go binaries as fast and easily as possible",
      "install_id": "goreleaser",
      "license": "MIT",
      "locked_url": "https://github.com/flox/nixpkgs?rev=549bd84d6279f9852cae6225e372cc67fb91a4c1",
      "name": "goreleaser-2.15.4",
      "pname": "goreleaser",
      "rev": "549bd84d6279f9852cae6225e372cc67fb91a4c1",
      "rev_count": 992384,
      "rev_date": "2026-05-05T04:14:16Z",
      "scrape_date": "2026-05-06T09:16:10.669915Z",
      "stabilities": [
        "staging",
        "unstable"
      ],
      "unfree": false,
      "version": "2.15.4",
      "outputs_to_install": [
        "out"
      ],
      "outputs": {
        "out": "/nix/store/qzrj7qi4anya8a547sz4arghkgr3iy38-goreleaser-2.15.4"
      },
      "system": "x86_64-darwin",
      "group": "toplevel",
      "priority": 5
    },
    {
      "attr_path": "goreleaser",
      "broken": false,
      "derivation": "/nix/store/grmnkz45faiiznpzc35zjwagbnk07zhq-goreleaser-2.15.4.drv",
      "description": "Deliver Go binaries as fast and easily as possible",
      "install_id": "goreleaser",
      "license": "MIT",
      "locked_url": "https://github.com/flox/nixpkgs?rev=549bd84d6279f9852cae6225e372cc67fb91a4c1",
      "name": "goreleaser-2.15.4",
      "pname": "goreleaser",
      "rev": "549bd84d6279f9852cae6225e372cc67fb91a4c1",
      "rev_count": 992384,
      "rev_date": "2026-05-05T04:14:16Z",
      "scrape_date": "2026-05-06T09:52:25.703383Z",
      "stabilities": [
        "staging",
        "unstable"
      ],
      "unfree": false,
      "version": "2.15.4",
      "outputs_to_install": [
        "out"
      ],
      "outputs": {
        "out": "/nix/store/ipz4kwc92pfwdwya6dg99am0pf87wmxp-goreleaser-2.15.4"
      },
      "system": "x86_64-linux",
      "group": "toplevel",
      "priority": 5
    }
  ]
}
